
Microsoft Visual Studio Solution File, Format Version 12.00
# Visual Studio 15
VisualStudioVersion = 15.0.26730.12
MinimumVisualStudioVersion = 10.0.40219.1
Project("{FAE04EC0-301F-11D3-BF4B-00C04F79EFBC}") = "Adapter.Trigger.Test", "src\Adapter.Trigger.Test\Adapter.Trigger.Test.csproj", "{408F72C9-ED46-4B95-A1AA-9BA45D5681EE}"
EndProject
Project("{FAE04EC0-301F-11D3-BF4B-00C04F79EFBC}") = "Core", "src\Core\Core.csproj", "{97E5E8EB-26D7-49D9-A412-3DF4F5716643}"
EndProject
Project("{FAE04EC0-301F-11D3-BF4B-00C04F79EFBC}") = "Host.Console", "src\Host.Console\Host.Console.csproj", "{E7562808-6D94-4C58-902E-71CDFA832567}"
EndProject
Project("{FAE04EC0-301F-11D3-BF4B-00C04F79EFBC}") = "Adapter.Persistence.Test", "src\Adapter.Persistence.Test\Adapter.Persistence.Test.csproj", "{1649AA20-899F-4050-B99A-C408A4AA39FE}"
EndProject
Project("{2150E333-8FDC-42A3-9474-1A3956D46DE8}") = "Tests", "Tests", "{9234AD06-323F-461D-AC33-43C22EFF20B7}"
EndProject
Project("{FAE04EC0-301F-11D3-BF4B-00C04F79EFBC}") = "Core.Tests.Unit", "test\Core.Tests.Unit\Core.Tests.Unit.csproj", "{222627B0-B4D5-4C36-9D57-D9E8D6BAAB28}"
EndProject
Project("{FAE04EC0-301F-11D3-BF4B-00C04F79EFBC}") = "Adapter.Notification.Test", "src\Adapter.Notification.Test\Adapter.Notification.Test.csproj", "{E8989F66-5BA3-4576-9F5F-4A9F26EDF5E3}"
EndProject
Project("{FAE04EC0-301F-11D3-BF4B-00C04F79EFBC}") = "Adapter.Trigger.RabbitMq", "src\Adapter.Trigger.RabbitMq\Adapter.Trigger.RabbitMq.csproj", "{9874DC72-7D4E-4F04-B9D1-6AA175F58224}"
EndProject
Global
	GlobalSection(SolutionConfigurationPlatforms) = preSolution
		Debug|Any CPU = Debug|Any CPU
		Release|Any CPU = Release|Any CPU
	EndGlobalSection
	GlobalSection(ProjectConfigurationPlatforms) = postSolution
		{408F72C9-ED46-4B95-A1AA-9BA45D5681EE}.Debug|Any CPU.ActiveCfg = Debug|Any CPU
		{408F72C9-ED46-4B95-A1AA-9BA45D5681EE}.Debug|Any CPU.Build.0 = Debug|Any CPU
		{408F72C9-ED46-4B95-A1AA-9BA45D5681EE}.Release|Any CPU.ActiveCfg = Release|Any CPU
		{408F72C9-ED46-4B95-A1AA-9BA45D5681EE}.Release|Any CPU.Build.0 = Release|Any CPU
		{97E5E8EB-26D7-49D9-A412-3DF4F5716643}.Debug|Any CPU.ActiveCfg = Debug|Any CPU
		{97E5E8EB-26D7-49D9-A412-3DF4F5716643}.Debug|Any CPU.Build.0 = Debug|Any CPU
		{97E5E8EB-26D7-49D9-A412-3DF4F5716643}.Release|Any CPU.ActiveCfg = Release|Any CPU
		{97E5E8EB-26D7-49D9-A412-3DF4F5716643}.Release|Any CPU.Build.0 = Release|Any CPU
		{E7562808-6D94-4C58-902E-71CDFA832567}.Debug|Any CPU.ActiveCfg = Debug|Any CPU
		{E7562808-6D94-4C58-902E-71CDFA832567}.Debug|Any CPU.Build.0 = Debug|Any CPU
		{E7562808-6D94-4C58-902E-71CDFA832567}.Release|Any CPU.ActiveCfg = Release|Any CPU
		{E7562808-6D94-4C58-902E-71CDFA832567}.Release|Any CPU.Build.0 = Release|Any CPU
		{1649AA20-899F-4050-B99A-C408A4AA39FE}.Debug|Any CPU.ActiveCfg = Debug|Any CPU
		{1649AA20-899F-4050-B99A-C408A4AA39FE}.Debug|Any CPU.Build.0 = Debug|Any CPU
		{1649AA20-899F-4050-B99A-C408A4AA39FE}.Release|Any CPU.ActiveCfg = Release|Any CPU
		{1649AA20-899F-4050-B99A-C408A4AA39FE}.Release|Any CPU.Build.0 = Release|Any CPU
		{222627B0-B4D5-4C36-9D57-D9E8D6BAAB28}.Debug|Any CPU.ActiveCfg = Debug|Any CPU
		{222627B0-B4D5-4C36-9D57-D9E8D6BAAB28}.Debug|Any CPU.Build.0 = Debug|Any CPU
		{222627B0-B4D5-4C36-9D57-D9E8D6BAAB28}.Release|Any CPU.ActiveCfg = Release|Any CPU
		{222627B0-B4D5-4C36-9D57-D9E8D6BAAB28}.Release|Any CPU.Build.0 = Release|Any CPU
		{E8989F66-5BA3-4576-9F5F-4A9F26EDF5E3}.Debug|Any CPU.ActiveCfg = Debug|Any CPU
		{E8989F66-5BA3-4576-9F5F-4A9F26EDF5E3}.Debug|Any CPU.Build.0 = Debug|Any CPU
		{E8989F66-5BA3-4576-9F5F-4A9F26EDF5E3}.Release|Any CPU.ActiveCfg = Release|Any CPU
		{E8989F66-5BA3-4576-9F5F-4A9F26EDF5E3}.Release|Any CPU.Build.0 = Release|Any CPU
		{9874DC72-7D4E-4F04-B9D1-6AA175F58224}.Debug|Any CPU.ActiveCfg = Debug|Any CPU
		{9874DC72-7D4E-4F04-B9D1-6AA175F58224}.Debug|Any CPU.Build.0 = Debug|Any CPU
		{9874DC72-7D4E-4F04-B9D1-6AA175F58224}.Release|Any CPU.ActiveCfg = Release|Any CPU
		{9874DC72-7D4E-4F04-B9D1-6AA175F58224}.Release|Any CPU.Build.0 = Release|Any CPU
	EndGlobalSection
	GlobalSection(SolutionProperties) = preSolution
		HideSolutionNode = FALSE
	EndGlobalSection
	GlobalSection(NestedProjects) = preSolution
		{222627B0-B4D5-4C36-9D57-D9E8D6BAAB28} = {9234AD06-323F-461D-AC33-43C22EFF20B7}
	EndGlobalSection
	GlobalSection(ExtensibilityGlobals) = postSolution
		SolutionGuid = {EC0DDD5A-EE19-4A43-AC53-2C779638CE26}
	EndGlobalSection
EndGlobal
