
Microsoft Visual Studio Solution File, Format Version 12.00
# Visual Studio 15
VisualStudioVersion = 15.0.27004.2006
MinimumVisualStudioVersion = 10.0.40219.1
Project("{FAE04EC0-301F-11D3-BF4B-00C04F79EFBC}") = "Domain", "src\Domain\Domain.csproj", "{B1B834F5-A315-4CFB-905A-31EA51FC81E6}"
EndProject
Project("{FAE04EC0-301F-11D3-BF4B-00C04F79EFBC}") = "Adapters.Persistence.MySql", "src\Adapters.Persistence.MySql\Adapters.Persistence.MySql.csproj", "{426B1CF4-1B10-4156-BFB3-F7847A7B7DF8}"
EndProject
Project("{FAE04EC0-301F-11D3-BF4B-00C04F79EFBC}") = "Adapters.Persistence.MySql.Tests", "test\Adapters.Persistence.MySql.Tests\Adapters.Persistence.MySql.Tests.csproj", "{872536E3-344F-4300-AE89-B78A016057FF}"
EndProject
Project("{FAE04EC0-301F-11D3-BF4B-00C04F79EFBC}") = "Adapters.Persistence.EventStore", "src\Adapters.Persistence.EventStore\Adapters.Persistence.EventStore.csproj", "{00A377CE-C97E-4C5A-8B2E-F5425A5B30FF}"
EndProject
Project("{FAE04EC0-301F-11D3-BF4B-00C04F79EFBC}") = "Adapters.Persistence.EventStore.Tests", "test\Adapters.Persistence.EventStore.Tests\Adapters.Persistence.EventStore.Tests.csproj", "{7069C9B8-DEB5-403D-B492-9A5799ECFC0A}"
EndProject
Global
	GlobalSection(SolutionConfigurationPlatforms) = preSolution
		Debug|Any CPU = Debug|Any CPU
		Release|Any CPU = Release|Any CPU
	EndGlobalSection
	GlobalSection(ProjectConfigurationPlatforms) = postSolution
		{B1B834F5-A315-4CFB-905A-31EA51FC81E6}.Debug|Any CPU.ActiveCfg = Debug|Any CPU
		{B1B834F5-A315-4CFB-905A-31EA51FC81E6}.Debug|Any CPU.Build.0 = Debug|Any CPU
		{B1B834F5-A315-4CFB-905A-31EA51FC81E6}.Release|Any CPU.ActiveCfg = Release|Any CPU
		{B1B834F5-A315-4CFB-905A-31EA51FC81E6}.Release|Any CPU.Build.0 = Release|Any CPU
		{426B1CF4-1B10-4156-BFB3-F7847A7B7DF8}.Debug|Any CPU.ActiveCfg = Debug|Any CPU
		{426B1CF4-1B10-4156-BFB3-F7847A7B7DF8}.Debug|Any CPU.Build.0 = Debug|Any CPU
		{426B1CF4-1B10-4156-BFB3-F7847A7B7DF8}.Release|Any CPU.ActiveCfg = Release|Any CPU
		{426B1CF4-1B10-4156-BFB3-F7847A7B7DF8}.Release|Any CPU.Build.0 = Release|Any CPU
		{872536E3-344F-4300-AE89-B78A016057FF}.Debug|Any CPU.ActiveCfg = Debug|Any CPU
		{872536E3-344F-4300-AE89-B78A016057FF}.Debug|Any CPU.Build.0 = Debug|Any CPU
		{872536E3-344F-4300-AE89-B78A016057FF}.Release|Any CPU.ActiveCfg = Release|Any CPU
		{872536E3-344F-4300-AE89-B78A016057FF}.Release|Any CPU.Build.0 = Release|Any CPU
		{00A377CE-C97E-4C5A-8B2E-F5425A5B30FF}.Debug|Any CPU.ActiveCfg = Debug|Any CPU
		{00A377CE-C97E-4C5A-8B2E-F5425A5B30FF}.Debug|Any CPU.Build.0 = Debug|Any CPU
		{00A377CE-C97E-4C5A-8B2E-F5425A5B30FF}.Release|Any CPU.ActiveCfg = Release|Any CPU
		{00A377CE-C97E-4C5A-8B2E-F5425A5B30FF}.Release|Any CPU.Build.0 = Release|Any CPU
		{7069C9B8-DEB5-403D-B492-9A5799ECFC0A}.Debug|Any CPU.ActiveCfg = Debug|Any CPU
		{7069C9B8-DEB5-403D-B492-9A5799ECFC0A}.Debug|Any CPU.Build.0 = Debug|Any CPU
		{7069C9B8-DEB5-403D-B492-9A5799ECFC0A}.Release|Any CPU.ActiveCfg = Release|Any CPU
		{7069C9B8-DEB5-403D-B492-9A5799ECFC0A}.Release|Any CPU.Build.0 = Release|Any CPU
	EndGlobalSection
	GlobalSection(SolutionProperties) = preSolution
		HideSolutionNode = FALSE
	EndGlobalSection
	GlobalSection(ExtensibilityGlobals) = postSolution
		SolutionGuid = {2F2542CE-C189-49FD-9E82-A46CDBC2E0EE}
	EndGlobalSection
EndGlobal
